
Microsoft Visual Studio Solution File, Format Version 12.00
# Visual Studio Version 16
VisualStudioVersion = 16.0.29806.167
MinimumVisualStudioVersion = 10.0.40219.1
Project("{9A19103F-16F7-4668-BE54-9A1E7A4F7556}") = "Задание 3", "Задание 3\Задание 3.csproj", "{DAABB73A-1119-4C5E-A254-362DFFC72F3C}"
EndProject
Project("{9A19103F-16F7-4668-BE54-9A1E7A4F7556}") = "Задание 4", "Задание 4\Задание 4.csproj", "{4886F7E1-3887-42EA-B356-E2ED42C4BA43}"
EndProject
Project("{9A19103F-16F7-4668-BE54-9A1E7A4F7556}") = "Задание 5", "Задание 5\Задание 5.csproj", "{BA3834AE-C154-4E15-B7B6-54C6BBAAF9D3}"
EndProject
Project("{9A19103F-16F7-4668-BE54-9A1E7A4F7556}") = "Задание 6", "Задание 6\Задание 6.csproj", "{30F32291-1D31-4AB0-8A65-6DA6C0342601}"
EndProject
Project("{9A19103F-16F7-4668-BE54-9A1E7A4F7556}") = "Задание 7", "Задание 7\Задание 7.csproj", "{57D98AC4-07F4-4989-A817-8E9807E9AF85}"
EndProject
Project("{9A19103F-16F7-4668-BE54-9A1E7A4F7556}") = "Задание 9", "Задание 9\Задание 9.csproj", "{7831D6B4-17C7-4B58-AEB6-B8B31B7FFD3F}"
EndProject
Project("{9A19103F-16F7-4668-BE54-9A1E7A4F7556}") = "Задание 11", "Задание 11\Задание 11.csproj", "{E411822B-60C0-4549-BBE8-15B317F9D58E}"
EndProject
Project("{9A19103F-16F7-4668-BE54-9A1E7A4F7556}") = "Задание 10", "Задание 10\Задание 10.csproj", "{041E06A2-F4B6-4FA8-A3A9-E86EDF4597BE}"
EndProject
Project("{8BC9CEB8-8B4A-11D0-8D11-00A0C91BC942}") = "Задание 1", "Задание 1\Задание 1.vcxproj", "{2DF6AFE6-742D-45E3-8550-DBEEF99B787F}"
EndProject
Project("{9A19103F-16F7-4668-BE54-9A1E7A4F7556}") = "Задание 12", "Задание 12\Задание 12.csproj", "{3303F333-0673-4CA3-B484-4720ED7E1D82}"
EndProject
Project("{8BC9CEB8-8B4A-11D0-8D11-00A0C91BC942}") = "Задание 2", "ConsoleApplication1\ConsoleApplication1.vcxproj", "{9A4B0405-927C-4B6B-ABE2-4C6B8B5F4682}"
EndProject
Project("{FAE04EC0-301F-11D3-BF4B-00C04F79EFBC}") = "Задание 8", "ConsoleApp1\Задание 8.csproj", "{DA7766F2-DC72-448E-B272-41F04504DA39}"
EndProject
Global
	GlobalSection(SolutionConfigurationPlatforms) = preSolution
		Debug|Any CPU = Debug|Any CPU
		Debug|x64 = Debug|x64
		Debug|x86 = Debug|x86
		Release|Any CPU = Release|Any CPU
		Release|x64 = Release|x64
		Release|x86 = Release|x86
	EndGlobalSection
	GlobalSection(ProjectConfigurationPlatforms) = postSolution
		{DAABB73A-1119-4C5E-A254-362DFFC72F3C}.Debug|Any CPU.ActiveCfg = Debug|Any CPU
		{DAABB73A-1119-4C5E-A254-362DFFC72F3C}.Debug|Any CPU.Build.0 = Debug|Any CPU
		{DAABB73A-1119-4C5E-A254-362DFFC72F3C}.Debug|x64.ActiveCfg = Debug|Any CPU
		{DAABB73A-1119-4C5E-A254-362DFFC72F3C}.Debug|x64.Build.0 = Debug|Any CPU
		{DAABB73A-1119-4C5E-A254-362DFFC72F3C}.Debug|x86.ActiveCfg = Debug|Any CPU
		{DAABB73A-1119-4C5E-A254-362DFFC72F3C}.Debug|x86.Build.0 = Debug|Any CPU
		{DAABB73A-1119-4C5E-A254-362DFFC72F3C}.Release|Any CPU.ActiveCfg = Release|Any CPU
		{DAABB73A-1119-4C5E-A254-362DFFC72F3C}.Release|Any CPU.Build.0 = Release|Any CPU
		{DAABB73A-1119-4C5E-A254-362DFFC72F3C}.Release|x64.ActiveCfg = Release|Any CPU
		{DAABB73A-1119-4C5E-A254-362DFFC72F3C}.Release|x64.Build.0 = Release|Any CPU
		{DAABB73A-1119-4C5E-A254-362DFFC72F3C}.Release|x86.ActiveCfg = Release|Any CPU
		{DAABB73A-1119-4C5E-A254-362DFFC72F3C}.Release|x86.Build.0 = Release|Any CPU
		{4886F7E1-3887-42EA-B356-E2ED42C4BA43}.Debug|Any CPU.ActiveCfg = Debug|Any CPU
		{4886F7E1-3887-42EA-B356-E2ED42C4BA43}.Debug|Any CPU.Build.0 = Debug|Any CPU
		{4886F7E1-3887-42EA-B356-E2ED42C4BA43}.Debug|x64.ActiveCfg = Debug|Any CPU
		{4886F7E1-3887-42EA-B356-E2ED42C4BA43}.Debug|x64.Build.0 = Debug|Any CPU
		{4886F7E1-3887-42EA-B356-E2ED42C4BA43}.Debug|x86.ActiveCfg = Debug|Any CPU
		{4886F7E1-3887-42EA-B356-E2ED42C4BA43}.Debug|x86.Build.0 = Debug|Any CPU
		{4886F7E1-3887-42EA-B356-E2ED42C4BA43}.Release|Any CPU.ActiveCfg = Release|Any CPU
		{4886F7E1-3887-42EA-B356-E2ED42C4BA43}.Release|Any CPU.Build.0 = Release|Any CPU
		{4886F7E1-3887-42EA-B356-E2ED42C4BA43}.Release|x64.ActiveCfg = Release|Any CPU
		{4886F7E1-3887-42EA-B356-E2ED42C4BA43}.Release|x64.Build.0 = Release|Any CPU
		{4886F7E1-3887-42EA-B356-E2ED42C4BA43}.Release|x86.ActiveCfg = Release|Any CPU
		{4886F7E1-3887-42EA-B356-E2ED42C4BA43}.Release|x86.Build.0 = Release|Any CPU
		{BA3834AE-C154-4E15-B7B6-54C6BBAAF9D3}.Debug|Any CPU.ActiveCfg = Debug|Any CPU
		{BA3834AE-C154-4E15-B7B6-54C6BBAAF9D3}.Debug|Any CPU.Build.0 = Debug|Any CPU
		{BA3834AE-C154-4E15-B7B6-54C6BBAAF9D3}.Debug|x64.ActiveCfg = Debug|Any CPU
		{BA3834AE-C154-4E15-B7B6-54C6BBAAF9D3}.Debug|x64.Build.0 = Debug|Any CPU
		{BA3834AE-C154-4E15-B7B6-54C6BBAAF9D3}.Debug|x86.ActiveCfg = Debug|Any CPU
		{BA3834AE-C154-4E15-B7B6-54C6BBAAF9D3}.Debug|x86.Build.0 = Debug|Any CPU
		{BA3834AE-C154-4E15-B7B6-54C6BBAAF9D3}.Release|Any CPU.ActiveCfg = Release|Any CPU
		{BA3834AE-C154-4E15-B7B6-54C6BBAAF9D3}.Release|Any CPU.Build.0 = Release|Any CPU
		{BA3834AE-C154-4E15-B7B6-54C6BBAAF9D3}.Release|x64.ActiveCfg = Release|Any CPU
		{BA3834AE-C154-4E15-B7B6-54C6BBAAF9D3}.Release|x64.Build.0 = Release|Any CPU
		{BA3834AE-C154-4E15-B7B6-54C6BBAAF9D3}.Release|x86.ActiveCfg = Release|Any CPU
		{BA3834AE-C154-4E15-B7B6-54C6BBAAF9D3}.Release|x86.Build.0 = Release|Any CPU
		{30F32291-1D31-4AB0-8A65-6DA6C0342601}.Debug|Any CPU.ActiveCfg = Debug|Any CPU
		{30F32291-1D31-4AB0-8A65-6DA6C0342601}.Debug|Any CPU.Build.0 = Debug|Any CPU
		{30F32291-1D31-4AB0-8A65-6DA6C0342601}.Debug|x64.ActiveCfg = Debug|Any CPU
		{30F32291-1D31-4AB0-8A65-6DA6C0342601}.Debug|x64.Build.0 = Debug|Any CPU
		{30F32291-1D31-4AB0-8A65-6DA6C0342601}.Debug|x86.ActiveCfg = Debug|Any CPU
		{30F32291-1D31-4AB0-8A65-6DA6C0342601}.Debug|x86.Build.0 = Debug|Any CPU
		{30F32291-1D31-4AB0-8A65-6DA6C0342601}.Release|Any CPU.ActiveCfg = Release|Any CPU
		{30F32291-1D31-4AB0-8A65-6DA6C0342601}.Release|Any CPU.Build.0 = Release|Any CPU
		{30F32291-1D31-4AB0-8A65-6DA6C0342601}.Release|x64.ActiveCfg = Release|Any CPU
		{30F32291-1D31-4AB0-8A65-6DA6C0342601}.Release|x64.Build.0 = Release|Any CPU
		{30F32291-1D31-4AB0-8A65-6DA6C0342601}.Release|x86.ActiveCfg = Release|Any CPU
		{30F32291-1D31-4AB0-8A65-6DA6C0342601}.Release|x86.Build.0 = Release|Any CPU
		{57D98AC4-07F4-4989-A817-8E9807E9AF85}.Debug|Any CPU.ActiveCfg = Debug|Any CPU
		{57D98AC4-07F4-4989-A817-8E9807E9AF85}.Debug|Any CPU.Build.0 = Debug|Any CPU
		{57D98AC4-07F4-4989-A817-8E9807E9AF85}.Debug|x64.ActiveCfg = Debug|Any CPU
		{57D98AC4-07F4-4989-A817-8E9807E9AF85}.Debug|x64.Build.0 = Debug|Any CPU
		{57D98AC4-07F4-4989-A817-8E9807E9AF85}.Debug|x86.ActiveCfg = Debug|Any CPU
		{57D98AC4-07F4-4989-A817-8E9807E9AF85}.Debug|x86.Build.0 = Debug|Any CPU
		{57D98AC4-07F4-4989-A817-8E9807E9AF85}.Release|Any CPU.ActiveCfg = Release|Any CPU
		{57D98AC4-07F4-4989-A817-8E9807E9AF85}.Release|Any CPU.Build.0 = Release|Any CPU
		{57D98AC4-07F4-4989-A817-8E9807E9AF85}.Release|x64.ActiveCfg = Release|Any CPU
		{57D98AC4-07F4-4989-A817-8E9807E9AF85}.Release|x64.Build.0 = Release|Any CPU
		{57D98AC4-07F4-4989-A817-8E9807E9AF85}.Release|x86.ActiveCfg = Release|Any CPU
		{57D98AC4-07F4-4989-A817-8E9807E9AF85}.Release|x86.Build.0 = Release|Any CPU
		{7831D6B4-17C7-4B58-AEB6-B8B31B7FFD3F}.Debug|Any CPU.ActiveCfg = Debug|Any CPU
		{7831D6B4-17C7-4B58-AEB6-B8B31B7FFD3F}.Debug|Any CPU.Build.0 = Debug|Any CPU
		{7831D6B4-17C7-4B58-AEB6-B8B31B7FFD3F}.Debug|x64.ActiveCfg = Debug|Any CPU
		{7831D6B4-17C7-4B58-AEB6-B8B31B7FFD3F}.Debug|x64.Build.0 = Debug|Any CPU
		{7831D6B4-17C7-4B58-AEB6-B8B31B7FFD3F}.Debug|x86.ActiveCfg = Debug|Any CPU
		{7831D6B4-17C7-4B58-AEB6-B8B31B7FFD3F}.Debug|x86.Build.0 = Debug|Any CPU
		{7831D6B4-17C7-4B58-AEB6-B8B31B7FFD3F}.Release|Any CPU.ActiveCfg = Release|Any CPU
		{7831D6B4-17C7-4B58-AEB6-B8B31B7FFD3F}.Release|Any CPU.Build.0 = Release|Any CPU
		{7831D6B4-17C7-4B58-AEB6-B8B31B7FFD3F}.Release|x64.ActiveCfg = Release|Any CPU
		{7831D6B4-17C7-4B58-AEB6-B8B31B7FFD3F}.Release|x64.Build.0 = Release|Any CPU
		{7831D6B4-17C7-4B58-AEB6-B8B31B7FFD3F}.Release|x86.ActiveCfg = Release|Any CPU
		{7831D6B4-17C7-4B58-AEB6-B8B31B7FFD3F}.Release|x86.Build.0 = Release|Any CPU
		{E411822B-60C0-4549-BBE8-15B317F9D58E}.Debug|Any CPU.ActiveCfg = Debug|Any CPU
		{E411822B-60C0-4549-BBE8-15B317F9D58E}.Debug|Any CPU.Build.0 = Debug|Any CPU
		{E411822B-60C0-4549-BBE8-15B317F9D58E}.Debug|x64.ActiveCfg = Debug|Any CPU
		{E411822B-60C0-4549-BBE8-15B317F9D58E}.Debug|x64.Build.0 = Debug|Any CPU
		{E411822B-60C0-4549-BBE8-15B317F9D58E}.Debug|x86.ActiveCfg = Debug|Any CPU
		{E411822B-60C0-4549-BBE8-15B317F9D58E}.Debug|x86.Build.0 = Debug|Any CPU
		{E411822B-60C0-4549-BBE8-15B317F9D58E}.Release|Any CPU.ActiveCfg = Release|Any CPU
		{E411822B-60C0-4549-BBE8-15B317F9D58E}.Release|Any CPU.Build.0 = Release|Any CPU
		{E411822B-60C0-4549-BBE8-15B317F9D58E}.Release|x64.ActiveCfg = Release|Any CPU
		{E411822B-60C0-4549-BBE8-15B317F9D58E}.Release|x64.Build.0 = Release|Any CPU
		{E411822B-60C0-4549-BBE8-15B317F9D58E}.Release|x86.ActiveCfg = Release|Any CPU
		{E411822B-60C0-4549-BBE8-15B317F9D58E}.Release|x86.Build.0 = Release|Any CPU
		{041E06A2-F4B6-4FA8-A3A9-E86EDF4597BE}.Debug|Any CPU.ActiveCfg = Debug|Any CPU
		{041E06A2-F4B6-4FA8-A3A9-E86EDF4597BE}.Debug|Any CPU.Build.0 = Debug|Any CPU
		{041E06A2-F4B6-4FA8-A3A9-E86EDF4597BE}.Debug|x64.ActiveCfg = Debug|Any CPU
		{041E06A2-F4B6-4FA8-A3A9-E86EDF4597BE}.Debug|x64.Build.0 = Debug|Any CPU
		{041E06A2-F4B6-4FA8-A3A9-E86EDF4597BE}.Debug|x86.ActiveCfg = Debug|Any CPU
		{041E06A2-F4B6-4FA8-A3A9-E86EDF4597BE}.Debug|x86.Build.0 = Debug|Any CPU
		{041E06A2-F4B6-4FA8-A3A9-E86EDF4597BE}.Release|Any CPU.ActiveCfg = Release|Any CPU
		{041E06A2-F4B6-4FA8-A3A9-E86EDF4597BE}.Release|Any CPU.Build.0 = Release|Any CPU
		{041E06A2-F4B6-4FA8-A3A9-E86EDF4597BE}.Release|x64.ActiveCfg = Release|Any CPU
		{041E06A2-F4B6-4FA8-A3A9-E86EDF4597BE}.Release|x64.Build.0 = Release|Any CPU
		{041E06A2-F4B6-4FA8-A3A9-E86EDF4597BE}.Release|x86.ActiveCfg = Release|Any CPU
		{041E06A2-F4B6-4FA8-A3A9-E86EDF4597BE}.Release|x86.Build.0 = Release|Any CPU
		{2DF6AFE6-742D-45E3-8550-DBEEF99B787F}.Debug|Any CPU.ActiveCfg = Debug|Win32
		{2DF6AFE6-742D-45E3-8550-DBEEF99B787F}.Debug|x64.ActiveCfg = Debug|x64
		{2DF6AFE6-742D-45E3-8550-DBEEF99B787F}.Debug|x64.Build.0 = Debug|x64
		{2DF6AFE6-742D-45E3-8550-DBEEF99B787F}.Debug|x86.ActiveCfg = Debug|Win32
		{2DF6AFE6-742D-45E3-8550-DBEEF99B787F}.Debug|x86.Build.0 = Debug|Win32
		{2DF6AFE6-742D-45E3-8550-DBEEF99B787F}.Release|Any CPU.ActiveCfg = Release|Win32
		{2DF6AFE6-742D-45E3-8550-DBEEF99B787F}.Release|x64.ActiveCfg = Release|x64
		{2DF6AFE6-742D-45E3-8550-DBEEF99B787F}.Release|x64.Build.0 = Release|x64
		{2DF6AFE6-742D-45E3-8550-DBEEF99B787F}.Release|x86.ActiveCfg = Release|Win32
		{2DF6AFE6-742D-45E3-8550-DBEEF99B787F}.Release|x86.Build.0 = Release|Win32
		{3303F333-0673-4CA3-B484-4720ED7E1D82}.Debug|Any CPU.ActiveCfg = Debug|Any CPU
		{3303F333-0673-4CA3-B484-4720ED7E1D82}.Debug|Any CPU.Build.0 = Debug|Any CPU
		{3303F333-0673-4CA3-B484-4720ED7E1D82}.Debug|x64.ActiveCfg = Debug|Any CPU
		{3303F333-0673-4CA3-B484-4720ED7E1D82}.Debug|x64.Build.0 = Debug|Any CPU
		{3303F333-0673-4CA3-B484-4720ED7E1D82}.Debug|x86.ActiveCfg = Debug|Any CPU
		{3303F333-0673-4CA3-B484-4720ED7E1D82}.Debug|x86.Build.0 = Debug|Any CPU
		{3303F333-0673-4CA3-B484-4720ED7E1D82}.Release|Any CPU.ActiveCfg = Release|Any CPU
		{3303F333-0673-4CA3-B484-4720ED7E1D82}.Release|Any CPU.Build.0 = Release|Any CPU
		{3303F333-0673-4CA3-B484-4720ED7E1D82}.Release|x64.ActiveCfg = Release|Any CPU
		{3303F333-0673-4CA3-B484-4720ED7E1D82}.Release|x64.Build.0 = Release|Any CPU
		{3303F333-0673-4CA3-B484-4720ED7E1D82}.Release|x86.ActiveCfg = Release|Any CPU
		{3303F333-0673-4CA3-B484-4720ED7E1D82}.Release|x86.Build.0 = Release|Any CPU
		{9A4B0405-927C-4B6B-ABE2-4C6B8B5F4682}.Debug|Any CPU.ActiveCfg = Debug|Win32
		{9A4B0405-927C-4B6B-ABE2-4C6B8B5F4682}.Debug|x64.ActiveCfg = Debug|x64
		{9A4B0405-927C-4B6B-ABE2-4C6B8B5F4682}.Debug|x64.Build.0 = Debug|x64
		{9A4B0405-927C-4B6B-ABE2-4C6B8B5F4682}.Debug|x86.ActiveCfg = Debug|Win32
		{9A4B0405-927C-4B6B-ABE2-4C6B8B5F4682}.Debug|x86.Build.0 = Debug|Win32
		{9A4B0405-927C-4B6B-ABE2-4C6B8B5F4682}.Release|Any CPU.ActiveCfg = Release|Win32
		{9A4B0405-927C-4B6B-ABE2-4C6B8B5F4682}.Release|x64.ActiveCfg = Release|x64
		{9A4B0405-927C-4B6B-ABE2-4C6B8B5F4682}.Release|x64.Build.0 = Release|x64
		{9A4B0405-927C-4B6B-ABE2-4C6B8B5F4682}.Release|x86.ActiveCfg = Release|Win32
		{9A4B0405-927C-4B6B-ABE2-4C6B8B5F4682}.Release|x86.Build.0 = Release|Win32
		{DA7766F2-DC72-448E-B272-41F04504DA39}.Debug|Any CPU.ActiveCfg = Debug|Any CPU
		{DA7766F2-DC72-448E-B272-41F04504DA39}.Debug|Any CPU.Build.0 = Debug|Any CPU
		{DA7766F2-DC72-448E-B272-41F04504DA39}.Debug|x64.ActiveCfg = Debug|Any CPU
		{DA7766F2-DC72-448E-B272-41F04504DA39}.Debug|x64.Build.0 = Debug|Any CPU
		{DA7766F2-DC72-448E-B272-41F04504DA39}.Debug|x86.ActiveCfg = Debug|Any CPU
		{DA7766F2-DC72-448E-B272-41F04504DA39}.Debug|x86.Build.0 = Debug|Any CPU
		{DA7766F2-DC72-448E-B272-41F04504DA39}.Release|Any CPU.ActiveCfg = Release|Any CPU
		{DA7766F2-DC72-448E-B272-41F04504DA39}.Release|Any CPU.Build.0 = Release|Any CPU
		{DA7766F2-DC72-448E-B272-41F04504DA39}.Release|x64.ActiveCfg = Release|Any CPU
		{DA7766F2-DC72-448E-B272-41F04504DA39}.Release|x64.Build.0 = Release|Any CPU
		{DA7766F2-DC72-448E-B272-41F04504DA39}.Release|x86.ActiveCfg = Release|Any CPU
		{DA7766F2-DC72-448E-B272-41F04504DA39}.Release|x86.Build.0 = Release|Any CPU
	EndGlobalSection
	GlobalSection(SolutionProperties) = preSolution
		HideSolutionNode = FALSE
	EndGlobalSection
	GlobalSection(ExtensibilityGlobals) = postSolution
		SolutionGuid = {CBBDC2E8-18E0-4923-87EB-8199230F70CE}
	EndGlobalSection
EndGlobal
